
Microsoft Visual Studio Solution File, Format Version 12.00
# Visual Studio Version 16
VisualStudioVersion = 16.0.33130.400
MinimumVisualStudioVersion = 10.0.40219.1
Project("{FAE04EC0-301F-11D3-BF4B-00C04F79EFBC}") = "SimulationModel14", "SimulationModel14.csproj", "{AFAF16C4-1BF6-4EC8-AF3A-105313560CED}"
EndProject
Global
	GlobalSection(SolutionConfigurationPlatforms) = preSolution
		Debug|Any CPU = Debug|Any CPU
		Release|Any CPU = Release|Any CPU
	EndGlobalSection
	GlobalSection(ProjectConfigurationPlatforms) = postSolution
		{AFAF16C4-1BF6-4EC8-AF3A-105313560CED}.Debug|Any CPU.ActiveCfg = Debug|Any CPU
		{AFAF16C4-1BF6-4EC8-AF3A-105313560CED}.Debug|Any CPU.Build.0 = Debug|Any CPU
		{AFAF16C4-1BF6-4EC8-AF3A-105313560CED}.Release|Any CPU.ActiveCfg = Release|Any CPU
		{AFAF16C4-1BF6-4EC8-AF3A-105313560CED}.Release|Any CPU.Build.0 = Release|Any CPU
	EndGlobalSection
	GlobalSection(SolutionProperties) = preSolution
		HideSolutionNode = FALSE
	EndGlobalSection
	GlobalSection(ExtensibilityGlobals) = postSolution
		SolutionGuid = {AA838300-B288-4261-9B99-AAEC5E4C9143}
	EndGlobalSection
EndGlobal
